
Microsoft Visual Studio Solution File, Format Version 12.00
# Visual Studio 15
VisualStudioVersion = 15.0.27130.2010
MinimumVisualStudioVersion = 10.0.40219.1
Project("{9A19103F-16F7-4668-BE54-9A1E7A4F7556}") = "Contrib.Sitecore.ContentSearch.TikaOnDotnet", "Contrib.Sitecore.ContentSearch.TikaOnDotnet\Contrib.Sitecore.ContentSearch.TikaOnDotnet.csproj", "{AA5FD10D-2714-421C-A4A1-93109BEF1BBB}"
EndProject
Project("{FAE04EC0-301F-11D3-BF4B-00C04F79EFBC}") = "Contrib.Sitecore.ContentSearch.TikaOnDotnet.UnitTests", "Contrib.Sitecore.ContentSearch.TikaOnDotnet.UnitTests\Contrib.Sitecore.ContentSearch.TikaOnDotnet.UnitTests.csproj", "{A6897BA5-D589-42DD-8C05-43CF045D58BD}"
EndProject
Global
	GlobalSection(SolutionConfigurationPlatforms) = preSolution
		Debug|Any CPU = Debug|Any CPU
		Release|Any CPU = Release|Any CPU
	EndGlobalSection
	GlobalSection(ProjectConfigurationPlatforms) = postSolution
		{AA5FD10D-2714-421C-A4A1-93109BEF1BBB}.Debug|Any CPU.ActiveCfg = Debug|Any CPU
		{AA5FD10D-2714-421C-A4A1-93109BEF1BBB}.Debug|Any CPU.Build.0 = Debug|Any CPU
		{AA5FD10D-2714-421C-A4A1-93109BEF1BBB}.Release|Any CPU.ActiveCfg = Release|Any CPU
		{AA5FD10D-2714-421C-A4A1-93109BEF1BBB}.Release|Any CPU.Build.0 = Release|Any CPU
		{A6897BA5-D589-42DD-8C05-43CF045D58BD}.Debug|Any CPU.ActiveCfg = Debug|Any CPU
		{A6897BA5-D589-42DD-8C05-43CF045D58BD}.Debug|Any CPU.Build.0 = Debug|Any CPU
		{A6897BA5-D589-42DD-8C05-43CF045D58BD}.Release|Any CPU.ActiveCfg = Release|Any CPU
		{A6897BA5-D589-42DD-8C05-43CF045D58BD}.Release|Any CPU.Build.0 = Release|Any CPU
	EndGlobalSection
	GlobalSection(SolutionProperties) = preSolution
		HideSolutionNode = FALSE
	EndGlobalSection
	GlobalSection(ExtensibilityGlobals) = postSolution
		SolutionGuid = {7435B4EB-06B3-44E5-A431-0D53C67D23A4}
	EndGlobalSection
EndGlobal
